
Microsoft Visual Studio Solution File, Format Version 12.00
# Visual Studio 14
VisualStudioVersion = 14.0.25420.1
MinimumVisualStudioVersion = 10.0.40219.1
Project("{FAE04EC0-301F-11D3-BF4B-00C04F79EFBC}") = "GildedRose.Console", "GildedRose.Console\GildedRose.Console.csproj", "{0622FAC4-F214-4AB6-AB97-6D14925E8B7E}"
EndProject
Project("{FAE04EC0-301F-11D3-BF4B-00C04F79EFBC}") = "GildedRose.Tests", "GildedRose.Tests\GildedRose.Tests.csproj", "{432846A8-50D2-4136-A18F-AB7D5B409E4B}"
EndProject
Global
	GlobalSection(SolutionConfigurationPlatforms) = preSolution
		Debug|Any CPU = Debug|Any CPU
		Release|Any CPU = Release|Any CPU
	EndGlobalSection
	GlobalSection(ProjectConfigurationPlatforms) = postSolution
		{0622FAC4-F214-4AB6-AB97-6D14925E8B7E}.Debug|Any CPU.ActiveCfg = Debug|Any CPU
		{0622FAC4-F214-4AB6-AB97-6D14925E8B7E}.Debug|Any CPU.Build.0 = Debug|Any CPU
		{0622FAC4-F214-4AB6-AB97-6D14925E8B7E}.Release|Any CPU.ActiveCfg = Release|Any CPU
		{0622FAC4-F214-4AB6-AB97-6D14925E8B7E}.Release|Any CPU.Build.0 = Release|Any CPU
		{432846A8-50D2-4136-A18F-AB7D5B409E4B}.Debug|Any CPU.ActiveCfg = Debug|Any CPU
		{432846A8-50D2-4136-A18F-AB7D5B409E4B}.Debug|Any CPU.Build.0 = Debug|Any CPU
		{432846A8-50D2-4136-A18F-AB7D5B409E4B}.Release|Any CPU.ActiveCfg = Release|Any CPU
		{432846A8-50D2-4136-A18F-AB7D5B409E4B}.Release|Any CPU.Build.0 = Release|Any CPU
	EndGlobalSection
	GlobalSection(SolutionProperties) = preSolution
		HideSolutionNode = FALSE
	EndGlobalSection
EndGlobal
